# This file is automatically @generated by Cargo.
# It is not intended for manual editing.
version = 4

[[package]]
name = "mlpl-extension-abi"
version = "0.0.0"

[[package]]
name = "mlpl-extension-hello"
version = "0.0.0"

[[package]]
name = "mlpl-extension-loader"
version = "0.0.0"

[[package]]
name = "mlpl-extension-sdk"
version = "0.0.0"
